
Microsoft Visual Studio Solution File, Format Version 12.00
# Visual Studio Version 17
VisualStudioVersion = 17.3.32929.385
MinimumVisualStudioVersion = 10.0.40219.1
Project("{9A19103F-16F7-4668-BE54-9A1E7A4F7556}") = "ConsoleApp1", "ConsoleApp1\ConsoleApp1.csproj", "{AD57A724-C698-48C9-B222-6C2A96A2C100}"
EndProject
Project("{FAE04EC0-301F-11D3-BF4B-00C04F79EFBC}") = "PassScannerUnitTests", "PassScannerUnitTests\PassScannerUnitTests.csproj", "{59DC00AF-36AC-4090-B075-C7DA0B18A648}"
EndProject
Global
	GlobalSection(SolutionConfigurationPlatforms) = preSolution
		Debug|Any CPU = Debug|Any CPU
		Release|Any CPU = Release|Any CPU
	EndGlobalSection
	GlobalSection(ProjectConfigurationPlatforms) = postSolution
		{AD57A724-C698-48C9-B222-6C2A96A2C100}.Debug|Any CPU.ActiveCfg = Debug|Any CPU
		{AD57A724-C698-48C9-B222-6C2A96A2C100}.Debug|Any CPU.Build.0 = Debug|Any CPU
		{AD57A724-C698-48C9-B222-6C2A96A2C100}.Release|Any CPU.ActiveCfg = Release|Any CPU
		{AD57A724-C698-48C9-B222-6C2A96A2C100}.Release|Any CPU.Build.0 = Release|Any CPU
		{59DC00AF-36AC-4090-B075-C7DA0B18A648}.Debug|Any CPU.ActiveCfg = Debug|Any CPU
		{59DC00AF-36AC-4090-B075-C7DA0B18A648}.Debug|Any CPU.Build.0 = Debug|Any CPU
		{59DC00AF-36AC-4090-B075-C7DA0B18A648}.Release|Any CPU.ActiveCfg = Release|Any CPU
		{59DC00AF-36AC-4090-B075-C7DA0B18A648}.Release|Any CPU.Build.0 = Release|Any CPU
	EndGlobalSection
	GlobalSection(SolutionProperties) = preSolution
		HideSolutionNode = FALSE
	EndGlobalSection
	GlobalSection(ExtensibilityGlobals) = postSolution
		SolutionGuid = {1F0194E9-3723-45F0-83A3-23FFF0126D5F}
	EndGlobalSection
EndGlobal
